
Microsoft Visual Studio Solution File, Format Version 12.00
# Visual Studio 15
Project("{9A19103F-16F7-4668-BE54-9A1E7A4F7556}") = "Jellyfin.Plugin.ServerWMC", "Jellyfin.Plugin.ServerWMC\Jellyfin.Plugin.ServerWMC.csproj", "{B78A131C-18C5-403E-B880-48FFFBC244B0}"
EndProject
Global
	GlobalSection(SolutionConfigurationPlatforms) = preSolution
		Debug|Any CPU = Debug|Any CPU
		Release|Any CPU = Release|Any CPU
	EndGlobalSection
	GlobalSection(ProjectConfigurationPlatforms) = postSolution
		{B78A131C-18C5-403E-B880-48FFFBC244B0}.Debug|Any CPU.ActiveCfg = Debug|Any CPU
		{B78A131C-18C5-403E-B880-48FFFBC244B0}.Debug|Any CPU.Build.0 = Debug|Any CPU
		{B78A131C-18C5-403E-B880-48FFFBC244B0}.Release|Any CPU.ActiveCfg = Release|Any CPU
		{B78A131C-18C5-403E-B880-48FFFBC244B0}.Release|Any CPU.Build.0 = Release|Any CPU
	EndGlobalSection
EndGlobal
